
Microsoft Visual Studio Solution File, Format Version 12.00
# Visual Studio Version 16
VisualStudioVersion = 16.0.30503.244
MinimumVisualStudioVersion = 10.0.40219.1
Project("{9A19103F-16F7-4668-BE54-9A1E7A4F7556}") = "Task11", "Task11\Task11.csproj", "{E32A2BB7-FC08-4E1F-9114-7068F581275E}"
EndProject
Project("{FAE04EC0-301F-11D3-BF4B-00C04F79EFBC}") = "StudentTestProject", "StudentTestProject\StudentTestProject.csproj", "{2B1BFA59-76CE-4EA3-97FB-0568EF439968}"
EndProject
Global
	GlobalSection(SolutionConfigurationPlatforms) = preSolution
		Debug|Any CPU = Debug|Any CPU
		Release|Any CPU = Release|Any CPU
	EndGlobalSection
	GlobalSection(ProjectConfigurationPlatforms) = postSolution
		{E32A2BB7-FC08-4E1F-9114-7068F581275E}.Debug|Any CPU.ActiveCfg = Debug|Any CPU
		{E32A2BB7-FC08-4E1F-9114-7068F581275E}.Debug|Any CPU.Build.0 = Debug|Any CPU
		{E32A2BB7-FC08-4E1F-9114-7068F581275E}.Release|Any CPU.ActiveCfg = Release|Any CPU
		{E32A2BB7-FC08-4E1F-9114-7068F581275E}.Release|Any CPU.Build.0 = Release|Any CPU
		{2B1BFA59-76CE-4EA3-97FB-0568EF439968}.Debug|Any CPU.ActiveCfg = Debug|Any CPU
		{2B1BFA59-76CE-4EA3-97FB-0568EF439968}.Debug|Any CPU.Build.0 = Debug|Any CPU
		{2B1BFA59-76CE-4EA3-97FB-0568EF439968}.Release|Any CPU.ActiveCfg = Release|Any CPU
		{2B1BFA59-76CE-4EA3-97FB-0568EF439968}.Release|Any CPU.Build.0 = Release|Any CPU
	EndGlobalSection
	GlobalSection(SolutionProperties) = preSolution
		HideSolutionNode = FALSE
	EndGlobalSection
	GlobalSection(ExtensibilityGlobals) = postSolution
		SolutionGuid = {78BEBF2E-0BC2-4C13-8F5C-9F8A617BEC7D}
	EndGlobalSection
EndGlobal
